// !$*UTF8*$!
{
	archiveVersion = 1;
	classes = {
	};
	objectVersion = 50;
	objects = {

/* Begin PBXBuildFile section */
		3B608F59278864A900F8FD53 /* libqoi.h in Headers */ = {isa = PBXBuildFile; fileRef = 3B608F58278864A900F8FD53 /* libqoi.h */; };
		3BF21967277C660400CCCFCE /* GenerateThumbnailForURL.c in Sources */ = {isa = PBXBuildFile; fileRef = 3BF21966277C660400CCCFCE /* GenerateThumbnailForURL.c */; };
		3BF21969277C660400CCCFCE /* GeneratePreviewForURL.c in Sources */ = {isa = PBXBuildFile; fileRef = 3BF21968277C660400CCCFCE /* GeneratePreviewForURL.c */; };
		3BF2196B277C660400CCCFCE /* main.c in Sources */ = {isa = PBXBuildFile; fileRef = 3BF2196A277C660400CCCFCE /* main.c */; };
/* End PBXBuildFile section */

/* Begin PBXFileReference section */
		3B608F58278864A900F8FD53 /* libqoi.h */ = {isa = PBXFileReference; fileEncoding = 4; lastKnownFileType = sourcecode.c.h; path = libqoi.h; sourceTree = "<group>"; };
		3B608F5A278864B800F8FD53 /* module.modulemap */ = {isa = PBXFileReference; fileEncoding = 4; lastKnownFileType = "sourcecode.module-map"; path = module.modulemap; sourceTree = "<group>"; };
		3BF21963277C660400CCCFCE /* QOIql.qlgenerator */ = {isa = PBXFileReference; explicitFileType = wrapper.cfbundle; includeInIndex = 0; path = QOIql.qlgenerator; sourceTree = BUILT_PRODUCTS_DIR; };
		3BF21966277C660400CCCFCE /* GenerateThumbnailForURL.c */ = {isa = PBXFileReference; lastKnownFileType = sourcecode.c.c; path = GenerateThumbnailForURL.c; sourceTree = "<group>"; };
		3BF21968277C660400CCCFCE /* GeneratePreviewForURL.c */ = {isa = PBXFileReference; lastKnownFileType = sourcecode.c.c; path = GeneratePreviewForURL.c; sourceTree = "<group>"; };
		3BF2196A277C660400CCCFCE /* main.c */ = {isa = PBXFileReference; lastKnownFileType = sourcecode.c.c; path = main.c; sourceTree = "<group>"; };
		3BF2196C277C660400CCCFCE /* Info.plist */ = {isa = PBXFileReference; lastKnownFileType = text.plist.xml; path = Info.plist; sourceTree = "<group>"; };
/* End PBXFileReference section */

/* Begin PBXFrameworksBuildPhase section */
		3BF21960277C660400CCCFCE /* Frameworks */ = {
			isa = PBXFrameworksBuildPhase;
			buildActionMask = 2147483647;
			files = (
			);
			runOnlyForDeploymentPostprocessing = 0;
		};
/* End PBXFrameworksBuildPhase section */

/* Begin PBXGroup section */
		3B608F57278862EB00F8FD53 /* libqoi */ = {
			isa = PBXGroup;
			children = (
				3B608F58278864A900F8FD53 /* libqoi.h */,
				3B608F5A278864B800F8FD53 /* module.modulemap */,
			);
			path = libqoi;
			sourceTree = "<group>";
		};
		3BF21959277C660400CCCFCE = {
			isa = PBXGroup;
			children = (
				3B608F57278862EB00F8FD53 /* libqoi */,
				3BF21965277C660400CCCFCE /* QOIql */,
				3BF21964277C660400CCCFCE /* Products */,
			);
			sourceTree = "<group>";
		};
		3BF21964277C660400CCCFCE /* Products */ = {
			isa = PBXGroup;
			children = (
				3BF21963277C660400CCCFCE /* QOIql.qlgenerator */,
			);
			name = Products;
			sourceTree = "<group>";
		};
		3BF21965277C660400CCCFCE /* QOIql */ = {
			isa = PBXGroup;
			children = (
				3BF21966277C660400CCCFCE /* GenerateThumbnailForURL.c */,
				3BF21968277C660400CCCFCE /* GeneratePreviewForURL.c */,
				3BF2196A277C660400CCCFCE /* main.c */,
				3BF2196C277C660400CCCFCE /* Info.plist */,
			);
			path = QOIql;
			sourceTree = "<group>";
		};
/* End PBXGroup section */

/* Begin PBXHeadersBuildPhase section */
		3BF2195E277C660400CCCFCE /* Headers */ = {
			isa = PBXHeadersBuildPhase;
			buildActionMask = 2147483647;
			files = (
				3B608F59278864A900F8FD53 /* libqoi.h in Headers */,
			);
			runOnlyForDeploymentPostprocessing = 0;
		};
/* End PBXHeadersBuildPhase section */

/* Begin PBXNativeTarget section */
		3BF21962277C660400CCCFCE /* QOIql */ = {
			isa = PBXNativeTarget;
			buildConfigurationList = 3BF2196F277C660400CCCFCE /* Build configuration list for PBXNativeTarget "QOIql" */;
			buildPhases = (
				3BF2195E277C660400CCCFCE /* Headers */,
				3BF2195F277C660400CCCFCE /* Sources */,
				3BF21960277C660400CCCFCE /* Frameworks */,
				3BF21961277C660400CCCFCE /* Resources */,
			);
			buildRules = (
			);
			dependencies = (
			);
			name = QOIql;
			productName = QOIql;
			productReference = 3BF21963277C660400CCCFCE /* QOIql.qlgenerator */;
			productType = "com.apple.product-type.bundle";
		};
/* End PBXNativeTarget section */

/* Begin PBXProject section */
		3BF2195A277C660400CCCFCE /* Project object */ = {
			isa = PBXProject;
			attributes = {
				LastUpgradeCheck = 1010;
				ORGANIZATIONNAME = "Serge Ivamov";
				TargetAttributes = {
					3BF21962277C660400CCCFCE = {
						CreatedOnToolsVersion = 10.1;
					};
				};
			};
			buildConfigurationList = 3BF2195D277C660400CCCFCE /* Build configuration list for PBXProject "QOIql" */;
			compatibilityVersion = "Xcode 9.3";
			developmentRegion = en;
			hasScannedForEncodings = 0;
			knownRegions = (
				en,
			);
			mainGroup = 3BF21959277C660400CCCFCE;
			productRefGroup = 3BF21964277C660400CCCFCE /* Products */;
			projectDirPath = "";
			projectRoot = "";
			targets = (
				3BF21962277C660400CCCFCE /* QOIql */,
			);
		};
/* End PBXProject section */

/* Begin PBXResourcesBuildPhase section */
		3BF21961277C660400CCCFCE /* Resources */ = {
			isa = PBXResourcesBuildPhase;
			buildActionMask = 2147483647;
			files = (
			);
			runOnlyForDeploymentPostprocessing = 0;
		};
/* End PBXResourcesBuildPhase section */

/* Begin PBXSourcesBuildPhase section */
		3BF2195F277C660400CCCFCE /* Sources */ = {
			isa = PBXSourcesBuildPhase;
			buildActionMask = 2147483647;
			files = (
				3BF21967277C660400CCCFCE /* GenerateThumbnailForURL.c in Sources */,
				3BF21969277C660400CCCFCE /* GeneratePreviewForURL.c in Sources */,
				3BF2196B277C660400CCCFCE /* main.c in Sources */,
			);
			runOnlyForDeploymentPostprocessing = 0;
		};
/* End PBXSourcesBuildPhase section */

/* Begin XCBuildConfiguration section */
		3BF2196D277C660400CCCFCE /* Debug */ = {
			isa = XCBuildConfiguration;
			buildSettings = {
				ALWAYS_SEARCH_USER_PATHS = NO;
				CLANG_ANALYZER_NONNULL = YES;
				CLANG_ANALYZER_NUMBER_OBJECT_CONVERSION = YES_AGGRESSIVE;
				CLANG_CXX_LANGUAGE_STANDARD = "gnu++14";
				CLANG_CXX_LIBRARY = "libc++";
				CLANG_ENABLE_MODULES = YES;
				CLANG_ENABLE_OBJC_ARC = YES;
				CLANG_ENABLE_OBJC_WEAK = YES;
				CLANG_WARN_BLOCK_CAPTURE_AUTORELEASING = YES;
				CLANG_WARN_BOOL_CONVERSION = YES;
				CLANG_WARN_COMMA = YES;
				CLANG_WARN_CONSTANT_CONVERSION = YES;
				CLANG_WARN_DEPRECATED_OBJC_IMPLEMENTATIONS = YES;
				CLANG_WARN_DIRECT_OBJC_ISA_USAGE = YES_ERROR;
				CLANG_WARN_DOCUMENTATION_COMMENTS = YES;
				CLANG_WARN_EMPTY_BODY = YES;
				CLANG_WARN_ENUM_CONVERSION = YES;
				CLANG_WARN_INFINITE_RECURSION = YES;
				CLANG_WARN_INT_CONVERSION = YES;
				CLANG_WARN_NON_LITERAL_NULL_CONVERSION = YES;
				CLANG_WARN_OBJC_IMPLICIT_RETAIN_SELF = YES;
				CLANG_WARN_OBJC_LITERAL_CONVERSION = YES;
				CLANG_WARN_OBJC_ROOT_CLASS = YES_ERROR;
				CLANG_WARN_RANGE_LOOP_ANALYSIS = YES;
				CLANG_WARN_STRICT_PROTOTYPES = YES;
				CLANG_WARN_SUSPICIOUS_MOVE = YES;
				CLANG_WARN_UNGUARDED_AVAILABILITY = YES_AGGRESSIVE;
				CLANG_WARN_UNREACHABLE_CODE = YES;
				CLANG_WARN__DUPLICATE_METHOD_MATCH = YES;
				CODE_SIGN_IDENTITY = "-";
				COPY_PHASE_STRIP = NO;
				DEBUG_INFORMATION_FORMAT = dwarf;
				ENABLE_STRICT_OBJC_MSGSEND = YES;
				ENABLE_TESTABILITY = YES;
				GCC_C_LANGUAGE_STANDARD = gnu11;
				GCC_DYNAMIC_NO_PIC = NO;
				GCC_NO_COMMON_BLOCKS = YES;
				GCC_OPTIMIZATION_LEVEL = 0;
				GCC_PREPROCESSOR_DEFINITIONS = (
					"DEBUG=1",
					"$(inherited)",
				);
				GCC_WARN_64_TO_32_BIT_CONVERSION = YES;
				GCC_WARN_ABOUT_RETURN_TYPE = YES_ERROR;
				GCC_WARN_UNDECLARED_SELECTOR = YES;
				GCC_WARN_UNINITIALIZED_AUTOS = YES_AGGRESSIVE;
				GCC_WARN_UNUSED_FUNCTION = YES;
				GCC_WARN_UNUSED_VARIABLE = YES;
				MACOSX_DEPLOYMENT_TARGET = 10.13;
				MTL_ENABLE_DEBUG_INFO = INCLUDE_SOURCE;
				MTL_FAST_MATH = YES;
				ONLY_ACTIVE_ARCH = YES;
				SDKROOT = macosx;
			};
			name = Debug;
		};
		3BF2196E277C660400CCCFCE /* Release */ = {
			isa = XCBuildConfiguration;
			buildSettings = {
				ALWAYS_SEARCH_USER_PATHS = NO;
				CLANG_ANALYZER_NONNULL = YES;
				CLANG_ANALYZER_NUMBER_OBJECT_CONVERSION = YES_AGGRESSIVE;
				CLANG_CXX_LANGUAGE_STANDARD = "gnu++14";
				CLANG_CXX_LIBRARY = "libc++";
				CLANG_ENABLE_MODULES = YES;
				CLANG_ENABLE_OBJC_ARC = YES;
				CLANG_ENABLE_OBJC_WEAK = YES;
				CLANG_WARN_BLOCK_CAPTURE_AUTORELEASING = YES;
				CLANG_WARN_BOOL_CONVERSION = YES;
				CLANG_WARN_COMMA = YES;
				CLANG_WARN_CONSTANT_CONVERSION = YES;
				CLANG_WARN_DEPRECATED_OBJC_IMPLEMENTATIONS = YES;
				CLANG_WARN_DIRECT_OBJC_ISA_USAGE = YES_ERROR;
				CLANG_WARN_DOCUMENTATION_COMMENTS = YES;
				CLANG_WARN_EMPTY_BODY = YES;
				CLANG_WARN_ENUM_CONVERSION = YES;
				CLANG_WARN_INFINITE_RECURSION = YES;
				CLANG_WARN_INT_CONVERSION = YES;
				CLANG_WARN_NON_LITERAL_NULL_CONVERSION = YES;
				CLANG_WARN_OBJC_IMPLICIT_RETAIN_SELF = YES;
				CLANG_WARN_OBJC_LITERAL_CONVERSION = YES;
				CLANG_WARN_OBJC_ROOT_CLASS = YES_ERROR;
				CLANG_WARN_RANGE_LOOP_ANALYSIS = YES;
				CLANG_WARN_STRICT_PROTOTYPES = YES;
				CLANG_WARN_SUSPICIOUS_MOVE = YES;
				CLANG_WARN_UNGUARDED_AVAILABILITY = YES_AGGRESSIVE;
				CLANG_WARN_UNREACHABLE_CODE = YES;
				CLANG_WARN__DUPLICATE_METHOD_MATCH = YES;
				CODE_SIGN_IDENTITY = "-";
				COPY_PHASE_STRIP = NO;
				DEBUG_INFORMATION_FORMAT = "dwarf-with-dsym";
				ENABLE_NS_ASSERTIONS = NO;
				ENABLE_STRICT_OBJC_MSGSEND = YES;
				GCC_C_LANGUAGE_STANDARD = gnu11;
				GCC_NO_COMMON_BLOCKS = YES;
				GCC_WARN_64_TO_32_BIT_CONVERSION = YES;
				GCC_WARN_ABOUT_RETURN_TYPE = YES_ERROR;
				GCC_WARN_UNDECLARED_SELECTOR = YES;
				GCC_WARN_UNINITIALIZED_AUTOS = YES_AGGRESSIVE;
				GCC_WARN_UNUSED_FUNCTION = YES;
				GCC_WARN_UNUSED_VARIABLE = YES;
				MACOSX_DEPLOYMENT_TARGET = 10.13;
				MTL_ENABLE_DEBUG_INFO = NO;
				MTL_FAST_MATH = YES;
				SDKROOT = macosx;
			};
			name = Release;
		};
		3BF21970277C660400CCCFCE /* Debug */ = {
			isa = XCBuildConfiguration;
			buildSettings = {
				CODE_SIGN_STYLE = Automatic;
				COMBINE_HIDPI_IMAGES = YES;
				INFOPLIST_FILE = QOIql/Info.plist;
				INSTALL_PATH = /Library/QuickLook;
				LIBRARY_SEARCH_PATHS = "${PROJECT_DIR}/libqoi";
				PRODUCT_BUNDLE_IDENTIFIER = org.ec.QOIql;
				PRODUCT_NAME = "$(TARGET_NAME)";
				WRAPPER_EXTENSION = qlgenerator;
			};
			name = Debug;
		};
		3BF21971277C660400CCCFCE /* Release */ = {
			isa = XCBuildConfiguration;
			buildSettings = {
				CODE_SIGN_STYLE = Automatic;
				COMBINE_HIDPI_IMAGES = YES;
				INFOPLIST_FILE = QOIql/Info.plist;
				INSTALL_PATH = /Library/QuickLook;
				LIBRARY_SEARCH_PATHS = "${PROJECT_DIR}/libqoi";
				PRODUCT_BUNDLE_IDENTIFIER = org.ec.QOIql;
				PRODUCT_NAME = "$(TARGET_NAME)";
				WRAPPER_EXTENSION = qlgenerator;
			};
			name = Release;
		};
/* End XCBuildConfiguration section */

/* Begin XCConfigurationList section */
		3BF2195D277C660400CCCFCE /* Build configuration list for PBXProject "QOIql" */ = {
			isa = XCConfigurationList;
			buildConfigurations = (
				3BF2196D277C660400CCCFCE /* Debug */,
				3BF2196E277C660400CCCFCE /* Release */,
			);
			defaultConfigurationIsVisible = 0;
			defaultConfigurationName = Release;
		};
		3BF2196F277C660400CCCFCE /* Build configuration list for PBXNativeTarget "QOIql" */ = {
			isa = XCConfigurationList;
			buildConfigurations = (
				3BF21970277C660400CCCFCE /* Debug */,
				3BF21971277C660400CCCFCE /* Release */,
			);
			defaultConfigurationIsVisible = 0;
			defaultConfigurationName = Release;
		};
/* End XCConfigurationList section */
	};
	rootObject = 3BF2195A277C660400CCCFCE /* Project object */;
}
